
Microsoft Visual Studio Solution File, Format Version 12.00
# Visual Studio Version 17
VisualStudioVersion = 17.4.33006.217
MinimumVisualStudioVersion = 10.0.40219.1
Project("{9A19103F-16F7-4668-BE54-9A1E7A4F7556}") = "ShopOnline.Web", "ShopOnline.Web\ShopOnline.Web.csproj", "{7CCED8FC-FD5E-484F-904E-4B1DD0B42731}"
EndProject
Project("{9A19103F-16F7-4668-BE54-9A1E7A4F7556}") = "ShopOnline.Api", "ShopOnline.Api\ShopOnline.Api.csproj", "{973B1362-532D-4659-89CE-195ECF76B110}"
EndProject
Project("{9A19103F-16F7-4668-BE54-9A1E7A4F7556}") = "ShopOnline.Models", "ShopOnline.Models\ShopOnline.Models.csproj", "{99DFD3D9-69F2-4CA6-9111-3A9131CF5FEE}"
EndProject
Global
	GlobalSection(SolutionConfigurationPlatforms) = preSolution
		Debug|Any CPU = Debug|Any CPU
		Release|Any CPU = Release|Any CPU
	EndGlobalSection
	GlobalSection(ProjectConfigurationPlatforms) = postSolution
		{7CCED8FC-FD5E-484F-904E-4B1DD0B42731}.Debug|Any CPU.ActiveCfg = Debug|Any CPU
		{7CCED8FC-FD5E-484F-904E-4B1DD0B42731}.Debug|Any CPU.Build.0 = Debug|Any CPU
		{7CCED8FC-FD5E-484F-904E-4B1DD0B42731}.Release|Any CPU.ActiveCfg = Release|Any CPU
		{7CCED8FC-FD5E-484F-904E-4B1DD0B42731}.Release|Any CPU.Build.0 = Release|Any CPU
		{973B1362-532D-4659-89CE-195ECF76B110}.Debug|Any CPU.ActiveCfg = Debug|Any CPU
		{973B1362-532D-4659-89CE-195ECF76B110}.Debug|Any CPU.Build.0 = Debug|Any CPU
		{973B1362-532D-4659-89CE-195ECF76B110}.Release|Any CPU.ActiveCfg = Release|Any CPU
		{973B1362-532D-4659-89CE-195ECF76B110}.Release|Any CPU.Build.0 = Release|Any CPU
		{99DFD3D9-69F2-4CA6-9111-3A9131CF5FEE}.Debug|Any CPU.ActiveCfg = Debug|Any CPU
		{99DFD3D9-69F2-4CA6-9111-3A9131CF5FEE}.Debug|Any CPU.Build.0 = Debug|Any CPU
		{99DFD3D9-69F2-4CA6-9111-3A9131CF5FEE}.Release|Any CPU.ActiveCfg = Release|Any CPU
		{99DFD3D9-69F2-4CA6-9111-3A9131CF5FEE}.Release|Any CPU.Build.0 = Release|Any CPU
	EndGlobalSection
	GlobalSection(SolutionProperties) = preSolution
		HideSolutionNode = FALSE
	EndGlobalSection
	GlobalSection(ExtensibilityGlobals) = postSolution
		SolutionGuid = {5AC43458-731D-45DD-BB64-A53096D04488}
	EndGlobalSection
EndGlobal
